PODS:
  - Kingfisher (5.11.0):
    - Kingfisher/Core (= 5.11.0)
  - Kingfisher/Core (5.11.0)

DEPENDENCIES:
  - Kingfisher

SPEC REPOS:
  trunk:
    - Kingfisher

SPEC CHECKSUMS:
  Kingfisher: 4569606189149e19c7d9439f47e885d0679b7a90

PODFILE CHECKSUM: 7b0704c44d4820905b543d4a27cf06d5dc4fc93e

COCOAPODS: 1.8.4
